{
    "_meta": {
        "hash": {
            "sha256": "53bfd9d8d76804a6fa1bc28df0fc66dfc0b3fb4208e0f875ed4ca3b9352319e7"
        },
        "pipfile-spec": 6,
        "requires": {
            "python_version": "3.7"
        },
        "sources": [
            {
                "name": "pypi",
                "url": "https://pypi.org/simple",
                "verify_ssl": true
            }
        ]
    },
    "default": {
        "awsiotpythonsdk": {
            "hashes": [
                "sha256:b3c8af3ce24eab861447a194f3c382509dd70e90452c86a5426f1e7272460177"
            ],
            "index": "pypi",
            "version": "==1.4.0"
        },
        "redis": {
            "hashes": [
                "sha256:2100750629beff143b6a200a2ea8e719fcf26420adabb81402895e144c5083cf",
                "sha256:8e0bdd2de02e829b6225b25646f9fb9daffea99a252610d040409a6738541f0a"
            ],
            "index": "pypi",
            "version": "==3.0.1"
        }
    },
    "develop": {}
}
